// !$*UTF8*$!
{
	archiveVersion = 1;
	classes = {
	};
	objectVersion = 46;
	objects = {

/* Begin PBXBuildFile section */
		49A8EB5A1DE9537400EEB1CD /* AppDelegate.m in Sources */ = {isa = PBXBuildFile; fileRef = 49A8EB591DE9537400EEB1CD /* AppDelegate.m */; };
		49A8EB5D1DE9537400EEB1CD /* main.m in Sources */ = {isa = PBXBuildFile; fileRef = 49A8EB5C1DE9537400EEB1CD /* main.m */; };
		49A8EB601DE9537400EEB1CD /* ViewController.m in Sources */ = {isa = PBXBuildFile; fileRef = 49A8EB5F1DE9537400EEB1CD /* ViewController.m */; };
		49A8EB621DE9537400EEB1CD /* Assets.xcassets in Resources */ = {isa = PBXBuildFile; fileRef = 49A8EB611DE9537400EEB1CD /* Assets.xcassets */; };
		49A8EB651DE9537400EEB1CD /* Main.storyboard in Resources */ = {isa = PBXBuildFile; fileRef = 49A8EB631DE9537400EEB1CD /* Main.storyboard */; };
		49A8EB6E1DE9569000EEB1CD /* Monstor.m in Sources */ = {isa = PBXBuildFile; fileRef = 49A8EB6D1DE9569000EEB1CD /* Monstor.m */; };
		49A8EB711DE956CB00EEB1CD /* Shield.m in Sources */ = {isa = PBXBuildFile; fileRef = 49A8EB701DE956CB00EEB1CD /* Shield.m */; };
/* End PBXBuildFile section */

/* Begin PBXFileReference section */
		49A8EB551DE9537400EEB1CD /* ChainOfResponsibilty.app */ = {isa = PBXFileReference; explicitFileType = wrapper.application; includeInIndex = 0; path = ChainOfResponsibilty.app; sourceTree = BUILT_PRODUCTS_DIR; };
		49A8EB581DE9537400EEB1CD /* AppDelegate.h */ = {isa = PBXFileReference; lastKnownFileType = sourcecode.c.h; path = AppDelegate.h; sourceTree = "<group>"; };
		49A8EB591DE9537400EEB1CD /* AppDelegate.m */ = {isa = PBXFileReference; lastKnownFileType = sourcecode.c.objc; path = AppDelegate.m; sourceTree = "<group>"; };
		49A8EB5C1DE9537400EEB1CD /* main.m */ = {isa = PBXFileReference; lastKnownFileType = sourcecode.c.objc; path = main.m; sourceTree = "<group>"; };
		49A8EB5E1DE9537400EEB1CD /* ViewController.h */ = {isa = PBXFileReference; lastKnownFileType = sourcecode.c.h; path = ViewController.h; sourceTree = "<group>"; };
		49A8EB5F1DE9537400EEB1CD /* ViewController.m */ = {isa = PBXFileReference; lastKnownFileType = sourcecode.c.objc; path = ViewController.m; sourceTree = "<group>"; };
		49A8EB611DE9537400EEB1CD /* Assets.xcassets */ = {isa = PBXFileReference; lastKnownFileType = folder.assetcatalog; path = Assets.xcassets; sourceTree = "<group>"; };
		49A8EB641DE9537400EEB1CD /* Base */ = {isa = PBXFileReference; lastKnownFileType = file.storyboard; name = Base; path = Base.lproj/Main.storyboard; sourceTree = "<group>"; };
		49A8EB661DE9537400EEB1CD /* Info.plist */ = {isa = PBXFileReference; lastKnownFileType = text.plist.xml; path = Info.plist; sourceTree = "<group>"; };
		49A8EB6C1DE9569000EEB1CD /* Monstor.h */ = {isa = PBXFileReference; fileEncoding = 4; lastKnownFileType = sourcecode.c.h; path = Monstor.h; sourceTree = "<group>"; };
		49A8EB6D1DE9569000EEB1CD /* Monstor.m */ = {isa = PBXFileReference; fileEncoding = 4; lastKnownFileType = sourcecode.c.objc; path = Monstor.m; sourceTree = "<group>"; };
		49A8EB6F1DE956CB00EEB1CD /* Shield.h */ = {isa = PBXFileReference; fileEncoding = 4; lastKnownFileType = sourcecode.c.h; path = Shield.h; sourceTree = "<group>"; };
		49A8EB701DE956CB00EEB1CD /* Shield.m */ = {isa = PBXFileReference; fileEncoding = 4; lastKnownFileType = sourcecode.c.objc; path = Shield.m; sourceTree = "<group>"; };
/* End PBXFileReference section */

/* Begin PBXFrameworksBuildPhase section */
		49A8EB521DE9537400EEB1CD /* Frameworks */ = {
			isa = PBXFrameworksBuildPhase;
			buildActionMask = 2147483647;
			files = (
			);
			runOnlyForDeploymentPostprocessing = 0;
		};
/* End PBXFrameworksBuildPhase section */

/* Begin PBXGroup section */
		49A8EB4C1DE9537400EEB1CD = {
			isa = PBXGroup;
			children = (
				49A8EB571DE9537400EEB1CD /* ChainOfResponsibilty */,
				49A8EB561DE9537400EEB1CD /* Products */,
			);
			sourceTree = "<group>";
		};
		49A8EB561DE9537400EEB1CD /* Products */ = {
			isa = PBXGroup;
			children = (
				49A8EB551DE9537400EEB1CD /* ChainOfResponsibilty.app */,
			);
			name = Products;
			sourceTree = "<group>";
		};
		49A8EB571DE9537400EEB1CD /* ChainOfResponsibilty */ = {
			isa = PBXGroup;
			children = (
				49A8EB581DE9537400EEB1CD /* AppDelegate.h */,
				49A8EB591DE9537400EEB1CD /* AppDelegate.m */,
				49A8EB5E1DE9537400EEB1CD /* ViewController.h */,
				49A8EB5F1DE9537400EEB1CD /* ViewController.m */,
				49A8EB611DE9537400EEB1CD /* Assets.xcassets */,
				49A8EB631DE9537400EEB1CD /* Main.storyboard */,
				49A8EB661DE9537400EEB1CD /* Info.plist */,
				49A8EB5B1DE9537400EEB1CD /* Supporting Files */,
				49A8EB6C1DE9569000EEB1CD /* Monstor.h */,
				49A8EB6D1DE9569000EEB1CD /* Monstor.m */,
				49A8EB6F1DE956CB00EEB1CD /* Shield.h */,
				49A8EB701DE956CB00EEB1CD /* Shield.m */,
			);
			path = ChainOfResponsibilty;
			sourceTree = "<group>";
		};
		49A8EB5B1DE9537400EEB1CD /* Supporting Files */ = {
			isa = PBXGroup;
			children = (
				49A8EB5C1DE9537400EEB1CD /* main.m */,
			);
			name = "Supporting Files";
			sourceTree = "<group>";
		};
/* End PBXGroup section */

/* Begin PBXNativeTarget section */
		49A8EB541DE9537400EEB1CD /* ChainOfResponsibilty */ = {
			isa = PBXNativeTarget;
			buildConfigurationList = 49A8EB691DE9537400EEB1CD /* Build configuration list for PBXNativeTarget "ChainOfResponsibilty" */;
			buildPhases = (
				49A8EB511DE9537400EEB1CD /* Sources */,
				49A8EB521DE9537400EEB1CD /* Frameworks */,
				49A8EB531DE9537400EEB1CD /* Resources */,
			);
			buildRules = (
			);
			dependencies = (
			);
			name = ChainOfResponsibilty;
			productName = ChainOfResponsibilty;
			productReference = 49A8EB551DE9537400EEB1CD /* ChainOfResponsibilty.app */;
			productType = "com.apple.product-type.application";
		};
/* End PBXNativeTarget section */

/* Begin PBXProject section */
		49A8EB4D1DE9537400EEB1CD /* Project object */ = {
			isa = PBXProject;
			attributes = {
				LastUpgradeCheck = 0800;
				ORGANIZATIONNAME = Melody5417;
				TargetAttributes = {
					49A8EB541DE9537400EEB1CD = {
						CreatedOnToolsVersion = 8.0;
						ProvisioningStyle = Automatic;
					};
				};
			};
			buildConfigurationList = 49A8EB501DE9537400EEB1CD /* Build configuration list for PBXProject "ChainOfResponsibilty" */;
			compatibilityVersion = "Xcode 3.2";
			developmentRegion = English;
			hasScannedForEncodings = 0;
			knownRegions = (
				en,
				Base,
			);
			mainGroup = 49A8EB4C1DE9537400EEB1CD;
			productRefGroup = 49A8EB561DE9537400EEB1CD /* Products */;
			projectDirPath = "";
			projectRoot = "";
			targets = (
				49A8EB541DE9537400EEB1CD /* ChainOfResponsibilty */,
			);
		};
/* End PBXProject section */

/* Begin PBXResourcesBuildPhase section */
		49A8EB531DE9537400EEB1CD /* Resources */ = {
			isa = PBXResourcesBuildPhase;
			buildActionMask = 2147483647;
			files = (
				49A8EB621DE9537400EEB1CD /* Assets.xcassets in Resources */,
				49A8EB651DE9537400EEB1CD /* Main.storyboard in Resources */,
			);
			runOnlyForDeploymentPostprocessing = 0;
		};
/* End PBXResourcesBuildPhase section */

/* Begin PBXSourcesBuildPhase section */
		49A8EB511DE9537400EEB1CD /* Sources */ = {
			isa = PBXSourcesBuildPhase;
			buildActionMask = 2147483647;
			files = (
				49A8EB601DE9537400EEB1CD /* ViewController.m in Sources */,
				49A8EB5D1DE9537400EEB1CD /* main.m in Sources */,
				49A8EB6E1DE9569000EEB1CD /* Monstor.m in Sources */,
				49A8EB5A1DE9537400EEB1CD /* AppDelegate.m in Sources */,
				49A8EB711DE956CB00EEB1CD /* Shield.m in Sources */,
			);
			runOnlyForDeploymentPostprocessing = 0;
		};
/* End PBXSourcesBuildPhase section */

/* Begin PBXVariantGroup section */
		49A8EB631DE9537400EEB1CD /* Main.storyboard */ = {
			isa = PBXVariantGroup;
			children = (
				49A8EB641DE9537400EEB1CD /* Base */,
			);
			name = Main.storyboard;
			sourceTree = "<group>";
		};
/* End PBXVariantGroup section */

/* Begin XCBuildConfiguration section */
		49A8EB671DE9537400EEB1CD /* Debug */ = {
			isa = XCBuildConfiguration;
			buildSettings = {
				ALWAYS_SEARCH_USER_PATHS = NO;
				CLANG_ANALYZER_NONNULL = YES;
				CLANG_CXX_LANGUAGE_STANDARD = "gnu++0x";
				CLANG_CXX_LIBRARY = "libc++";
				CLANG_ENABLE_MODULES = YES;
				CLANG_ENABLE_OBJC_ARC = YES;
				CLANG_WARN_BOOL_CONVERSION = YES;
				CLANG_WARN_CONSTANT_CONVERSION = YES;
				CLANG_WARN_DIRECT_OBJC_ISA_USAGE = YES_ERROR;
				CLANG_WARN_DOCUMENTATION_COMMENTS = YES;
				CLANG_WARN_EMPTY_BODY = YES;
				CLANG_WARN_ENUM_CONVERSION = YES;
				CLANG_WARN_INFINITE_RECURSION = YES;
				CLANG_WARN_INT_CONVERSION = YES;
				CLANG_WARN_OBJC_ROOT_CLASS = YES_ERROR;
				CLANG_WARN_SUSPICIOUS_MOVES = YES;
				CLANG_WARN_UNREACHABLE_CODE = YES;
				CLANG_WARN__DUPLICATE_METHOD_MATCH = YES;
				CODE_SIGN_IDENTITY = "-";
				COPY_PHASE_STRIP = NO;
				DEBUG_INFORMATION_FORMAT = dwarf;
				ENABLE_STRICT_OBJC_MSGSEND = YES;
				ENABLE_TESTABILITY = YES;
				GCC_C_LANGUAGE_STANDARD = gnu99;
				GCC_DYNAMIC_NO_PIC = NO;
				GCC_NO_COMMON_BLOCKS = YES;
				GCC_OPTIMIZATION_LEVEL = 0;
				GCC_PREPROCESSOR_DEFINITIONS = (
					"DEBUG=1",
					"$(inherited)",
				);
				GCC_WARN_64_TO_32_BIT_CONVERSION = YES;
				GCC_WARN_ABOUT_RETURN_TYPE = YES_ERROR;
				GCC_WARN_UNDECLARED_SELECTOR = YES;
				GCC_WARN_UNINITIALIZED_AUTOS = YES_AGGRESSIVE;
				GCC_WARN_UNUSED_FUNCTION = YES;
				GCC_WARN_UNUSED_VARIABLE = YES;
				MACOSX_DEPLOYMENT_TARGET = 10.12;
				MTL_ENABLE_DEBUG_INFO = YES;
				ONLY_ACTIVE_ARCH = YES;
				SDKROOT = macosx;
			};
			name = Debug;
		};
		49A8EB681DE9537400EEB1CD /* Release */ = {
			isa = XCBuildConfiguration;
			buildSettings = {
				ALWAYS_SEARCH_USER_PATHS = NO;
				CLANG_ANALYZER_NONNULL = YES;
				CLANG_CXX_LANGUAGE_STANDARD = "gnu++0x";
				CLANG_CXX_LIBRARY = "libc++";
				CLANG_ENABLE_MODULES = YES;
				CLANG_ENABLE_OBJC_ARC = YES;
				CLANG_WARN_BOOL_CONVERSION = YES;
				CLANG_WARN_CONSTANT_CONVERSION = YES;
				CLANG_WARN_DIRECT_OBJC_ISA_USAGE = YES_ERROR;
				CLANG_WARN_DOCUMENTATION_COMMENTS = YES;
				CLANG_WARN_EMPTY_BODY = YES;
				CLANG_WARN_ENUM_CONVERSION = YES;
				CLANG_WARN_INFINITE_RECURSION = YES;
				CLANG_WARN_INT_CONVERSION = YES;
				CLANG_WARN_OBJC_ROOT_CLASS = YES_ERROR;
				CLANG_WARN_SUSPICIOUS_MOVES = YES;
				CLANG_WARN_UNREACHABLE_CODE = YES;
				CLANG_WARN__DUPLICATE_METHOD_MATCH = YES;
				CODE_SIGN_IDENTITY = "-";
				COPY_PHASE_STRIP = NO;
				DEBUG_INFORMATION_FORMAT = "dwarf-with-dsym";
				ENABLE_NS_ASSERTIONS = NO;
				ENABLE_STRICT_OBJC_MSGSEND = YES;
				GCC_C_LANGUAGE_STANDARD = gnu99;
				GCC_NO_COMMON_BLOCKS = YES;
				GCC_WARN_64_TO_32_BIT_CONVERSION = YES;
				GCC_WARN_ABOUT_RETURN_TYPE = YES_ERROR;
				GCC_WARN_UNDECLARED_SELECTOR = YES;
				GCC_WARN_UNINITIALIZED_AUTOS = YES_AGGRESSIVE;
				GCC_WARN_UNUSED_FUNCTION = YES;
				GCC_WARN_UNUSED_VARIABLE = YES;
				MACOSX_DEPLOYMENT_TARGET = 10.12;
				MTL_ENABLE_DEBUG_INFO = NO;
				SDKROOT = macosx;
			};
			name = Release;
		};
		49A8EB6A1DE9537400EEB1CD /* Debug */ = {
			isa = XCBuildConfiguration;
			buildSettings = {
				ASSETCATALOG_COMPILER_APPICON_NAME = AppIcon;
				COMBINE_HIDPI_IMAGES = YES;
				INFOPLIST_FILE = ChainOfResponsibilty/Info.plist;
				LD_RUNPATH_SEARCH_PATHS = "$(inherited) @executable_path/../Frameworks";
				PRODUCT_BUNDLE_IDENTIFIER = com.Melody5417..ChainOfResponsibilty;
				PRODUCT_NAME = "$(TARGET_NAME)";
			};
			name = Debug;
		};
		49A8EB6B1DE9537400EEB1CD /* Release */ = {
			isa = XCBuildConfiguration;
			buildSettings = {
				ASSETCATALOG_COMPILER_APPICON_NAME = AppIcon;
				COMBINE_HIDPI_IMAGES = YES;
				INFOPLIST_FILE = ChainOfResponsibilty/Info.plist;
				LD_RUNPATH_SEARCH_PATHS = "$(inherited) @executable_path/../Frameworks";
				PRODUCT_BUNDLE_IDENTIFIER = com.Melody5417..ChainOfResponsibilty;
				PRODUCT_NAME = "$(TARGET_NAME)";
			};
			name = Release;
		};
/* End XCBuildConfiguration section */

/* Begin XCConfigurationList section */
		49A8EB501DE9537400EEB1CD /* Build configuration list for PBXProject "ChainOfResponsibilty" */ = {
			isa = XCConfigurationList;
			buildConfigurations = (
				49A8EB671DE9537400EEB1CD /* Debug */,
				49A8EB681DE9537400EEB1CD /* Release */,
			);
			defaultConfigurationIsVisible = 0;
			defaultConfigurationName = Release;
		};
		49A8EB691DE9537400EEB1CD /* Build configuration list for PBXNativeTarget "ChainOfResponsibilty" */ = {
			isa = XCConfigurationList;
			buildConfigurations = (
				49A8EB6A1DE9537400EEB1CD /* Debug */,
				49A8EB6B1DE9537400EEB1CD /* Release */,
			);
			defaultConfigurationIsVisible = 0;
		};
/* End XCConfigurationList section */
	};
	rootObject = 49A8EB4D1DE9537400EEB1CD /* Project object */;
}
